
Microsoft Visual Studio Solution File, Format Version 12.00
# Visual Studio Version 16
VisualStudioVersion = 16.0.32228.343
MinimumVisualStudioVersion = 10.0.40219.1
Project("{FAE04EC0-301F-11D3-BF4B-00C04F79EFBC}") = "APIconsult", "APIconsult.csproj", "{2EA735D1-31E3-46F9-9D43-B71B162368A6}"
EndProject
Global
	GlobalSection(SolutionConfigurationPlatforms) = preSolution
		Debug|Any CPU = Debug|Any CPU
		Release|Any CPU = Release|Any CPU
	EndGlobalSection
	GlobalSection(ProjectConfigurationPlatforms) = postSolution
		{2EA735D1-31E3-46F9-9D43-B71B162368A6}.Debug|Any CPU.ActiveCfg = Debug|Any CPU
		{2EA735D1-31E3-46F9-9D43-B71B162368A6}.Debug|Any CPU.Build.0 = Debug|Any CPU
		{2EA735D1-31E3-46F9-9D43-B71B162368A6}.Release|Any CPU.ActiveCfg = Release|Any CPU
		{2EA735D1-31E3-46F9-9D43-B71B162368A6}.Release|Any CPU.Build.0 = Release|Any CPU
	EndGlobalSection
	GlobalSection(SolutionProperties) = preSolution
		HideSolutionNode = FALSE
	EndGlobalSection
	GlobalSection(ExtensibilityGlobals) = postSolution
		SolutionGuid = {8F3C6F49-0F26-4E42-901F-21026232058A}
	EndGlobalSection
EndGlobal
